// !$*UTF8*$!
{
	archiveVersion = 1;
	classes = {
	};
	objectVersion = 46;
	objects = {

/* Begin PBXBuildFile section */
		E13284AE1AEEE02E000E0366 /* AppDelegate.swift in Sources */ = {isa = PBXBuildFile; fileRef = E13284AD1AEEE02E000E0366 /* AppDelegate.swift */; };
		E13284B01AEEE02E000E0366 /* ViewController.swift in Sources */ = {isa = PBXBuildFile; fileRef = E13284AF1AEEE02E000E0366 /* ViewController.swift */; };
		E13284B31AEEE02E000E0366 /* Main.storyboard in Resources */ = {isa = PBXBuildFile; fileRef = E13284B11AEEE02E000E0366 /* Main.storyboard */; };
		E13284B51AEEE02E000E0366 /* Images.xcassets in Resources */ = {isa = PBXBuildFile; fileRef = E13284B41AEEE02E000E0366 /* Images.xcassets */; };
		E13284B81AEEE02E000E0366 /* LaunchScreen.xib in Resources */ = {isa = PBXBuildFile; fileRef = E13284B61AEEE02E000E0366 /* LaunchScreen.xib */; };
		E13284C41AEEE02E000E0366 /* MYOATests.swift in Sources */ = {isa = PBXBuildFile; fileRef = E13284C31AEEE02E000E0366 /* MYOATests.swift */; };
		E13284CE1AEEE5FE000E0366 /* MYOAViewController.swift in Sources */ = {isa = PBXBuildFile; fileRef = E13284CD1AEEE5FE000E0366 /* MYOAViewController.swift */; };
/* End PBXBuildFile section */

/* Begin PBXContainerItemProxy section */
		E13284BE1AEEE02E000E0366 /* PBXContainerItemProxy */ = {
			isa = PBXContainerItemProxy;
			containerPortal = E13284A01AEEE02E000E0366 /* Project object */;
			proxyType = 1;
			remoteGlobalIDString = E13284A71AEEE02E000E0366;
			remoteInfo = MYOA;
		};
/* End PBXContainerItemProxy section */

/* Begin PBXFileReference section */
		E13284A81AEEE02E000E0366 /* MYOA.app */ = {isa = PBXFileReference; explicitFileType = wrapper.application; includeInIndex = 0; path = MYOA.app; sourceTree = BUILT_PRODUCTS_DIR; };
		E13284AC1AEEE02E000E0366 /* Info.plist */ = {isa = PBXFileReference; lastKnownFileType = text.plist.xml; path = Info.plist; sourceTree = "<group>"; };
		E13284AD1AEEE02E000E0366 /* AppDelegate.swift */ = {isa = PBXFileReference; lastKnownFileType = sourcecode.swift; path = AppDelegate.swift; sourceTree = "<group>"; };
		E13284AF1AEEE02E000E0366 /* ViewController.swift */ = {isa = PBXFileReference; lastKnownFileType = sourcecode.swift; path = ViewController.swift; sourceTree = "<group>"; };
		E13284B21AEEE02E000E0366 /* Base */ = {isa = PBXFileReference; lastKnownFileType = file.storyboard; name = Base; path = Base.lproj/Main.storyboard; sourceTree = "<group>"; };
		E13284B41AEEE02E000E0366 /* Images.xcassets */ = {isa = PBXFileReference; lastKnownFileType = folder.assetcatalog; path = Images.xcassets; sourceTree = "<group>"; };
		E13284B71AEEE02E000E0366 /* Base */ = {isa = PBXFileReference; lastKnownFileType = file.xib; name = Base; path = Base.lproj/LaunchScreen.xib; sourceTree = "<group>"; };
		E13284BD1AEEE02E000E0366 /* MYOATests.xctest */ = {isa = PBXFileReference; explicitFileType = wrapper.cfbundle; includeInIndex = 0; path = MYOATests.xctest; sourceTree = BUILT_PRODUCTS_DIR; };
		E13284C21AEEE02E000E0366 /* Info.plist */ = {isa = PBXFileReference; lastKnownFileType = text.plist.xml; path = Info.plist; sourceTree = "<group>"; };
		E13284C31AEEE02E000E0366 /* MYOATests.swift */ = {isa = PBXFileReference; lastKnownFileType = sourcecode.swift; path = MYOATests.swift; sourceTree = "<group>"; };
		E13284CD1AEEE5FE000E0366 /* MYOAViewController.swift */ = {isa = PBXFileReference; fileEncoding = 4; lastKnownFileType = sourcecode.swift; path = MYOAViewController.swift; sourceTree = "<group>"; };
/* End PBXFileReference section */

/* Begin PBXFrameworksBuildPhase section */
		E13284A51AEEE02E000E0366 /* Frameworks */ = {
			isa = PBXFrameworksBuildPhase;
			buildActionMask = 2147483647;
			files = (
			);
			runOnlyForDeploymentPostprocessing = 0;
		};
		E13284BA1AEEE02E000E0366 /* Frameworks */ = {
			isa = PBXFrameworksBuildPhase;
			buildActionMask = 2147483647;
			files = (
			);
			runOnlyForDeploymentPostprocessing = 0;
		};
/* End PBXFrameworksBuildPhase section */

/* Begin PBXGroup section */
		E132849F1AEEE02E000E0366 = {
			isa = PBXGroup;
			children = (
				E13284AA1AEEE02E000E0366 /* MYOA */,
				E13284C01AEEE02E000E0366 /* MYOATests */,
				E13284A91AEEE02E000E0366 /* Products */,
			);
			sourceTree = "<group>";
		};
		E13284A91AEEE02E000E0366 /* Products */ = {
			isa = PBXGroup;
			children = (
				E13284A81AEEE02E000E0366 /* MYOA.app */,
				E13284BD1AEEE02E000E0366 /* MYOATests.xctest */,
			);
			name = Products;
			sourceTree = "<group>";
		};
		E13284AA1AEEE02E000E0366 /* MYOA */ = {
			isa = PBXGroup;
			children = (
				E13284AD1AEEE02E000E0366 /* AppDelegate.swift */,
				E13284AF1AEEE02E000E0366 /* ViewController.swift */,
				E13284B11AEEE02E000E0366 /* Main.storyboard */,
				E13284B41AEEE02E000E0366 /* Images.xcassets */,
				E13284B61AEEE02E000E0366 /* LaunchScreen.xib */,
				E13284AB1AEEE02E000E0366 /* Supporting Files */,
				E13284CD1AEEE5FE000E0366 /* MYOAViewController.swift */,
			);
			path = MYOA;
			sourceTree = "<group>";
		};
		E13284AB1AEEE02E000E0366 /* Supporting Files */ = {
			isa = PBXGroup;
			children = (
				E13284AC1AEEE02E000E0366 /* Info.plist */,
			);
			name = "Supporting Files";
			sourceTree = "<group>";
		};
		E13284C01AEEE02E000E0366 /* MYOATests */ = {
			isa = PBXGroup;
			children = (
				E13284C31AEEE02E000E0366 /* MYOATests.swift */,
				E13284C11AEEE02E000E0366 /* Supporting Files */,
			);
			path = MYOATests;
			sourceTree = "<group>";
		};
		E13284C11AEEE02E000E0366 /* Supporting Files */ = {
			isa = PBXGroup;
			children = (
				E13284C21AEEE02E000E0366 /* Info.plist */,
			);
			name = "Supporting Files";
			sourceTree = "<group>";
		};
/* End PBXGroup section */

/* Begin PBXNativeTarget section */
		E13284A71AEEE02E000E0366 /* MYOA */ = {
			isa = PBXNativeTarget;
			buildConfigurationList = E13284C71AEEE02E000E0366 /* Build configuration list for PBXNativeTarget "MYOA" */;
			buildPhases = (
				E13284A41AEEE02E000E0366 /* Sources */,
				E13284A51AEEE02E000E0366 /* Frameworks */,
				E13284A61AEEE02E000E0366 /* Resources */,
			);
			buildRules = (
			);
			dependencies = (
			);
			name = MYOA;
			productName = MYOA;
			productReference = E13284A81AEEE02E000E0366 /* MYOA.app */;
			productType = "com.apple.product-type.application";
		};
		E13284BC1AEEE02E000E0366 /* MYOATests */ = {
			isa = PBXNativeTarget;
			buildConfigurationList = E13284CA1AEEE02E000E0366 /* Build configuration list for PBXNativeTarget "MYOATests" */;
			buildPhases = (
				E13284B91AEEE02E000E0366 /* Sources */,
				E13284BA1AEEE02E000E0366 /* Frameworks */,
				E13284BB1AEEE02E000E0366 /* Resources */,
			);
			buildRules = (
			);
			dependencies = (
				E13284BF1AEEE02E000E0366 /* PBXTargetDependency */,
			);
			name = MYOATests;
			productName = MYOATests;
			productReference = E13284BD1AEEE02E000E0366 /* MYOATests.xctest */;
			productType = "com.apple.product-type.bundle.unit-test";
		};
/* End PBXNativeTarget section */

/* Begin PBXProject section */
		E13284A01AEEE02E000E0366 /* Project object */ = {
			isa = PBXProject;
			attributes = {
				LastUpgradeCheck = 0630;
				ORGANIZATIONNAME = "Umar Qattan";
				TargetAttributes = {
					E13284A71AEEE02E000E0366 = {
						CreatedOnToolsVersion = 6.3.1;
					};
					E13284BC1AEEE02E000E0366 = {
						CreatedOnToolsVersion = 6.3.1;
						TestTargetID = E13284A71AEEE02E000E0366;
					};
				};
			};
			buildConfigurationList = E13284A31AEEE02E000E0366 /* Build configuration list for PBXProject "MYOA" */;
			compatibilityVersion = "Xcode 3.2";
			developmentRegion = English;
			hasScannedForEncodings = 0;
			knownRegions = (
				en,
				Base,
			);
			mainGroup = E132849F1AEEE02E000E0366;
			productRefGroup = E13284A91AEEE02E000E0366 /* Products */;
			projectDirPath = "";
			projectRoot = "";
			targets = (
				E13284A71AEEE02E000E0366 /* MYOA */,
				E13284BC1AEEE02E000E0366 /* MYOATests */,
			);
		};
/* End PBXProject section */

/* Begin PBXResourcesBuildPhase section */
		E13284A61AEEE02E000E0366 /* Resources */ = {
			isa = PBXResourcesBuildPhase;
			buildActionMask = 2147483647;
			files = (
				E13284B31AEEE02E000E0366 /* Main.storyboard in Resources */,
				E13284B81AEEE02E000E0366 /* LaunchScreen.xib in Resources */,
				E13284B51AEEE02E000E0366 /* Images.xcassets in Resources */,
			);
			runOnlyForDeploymentPostprocessing = 0;
		};
		E13284BB1AEEE02E000E0366 /* Resources */ = {
			isa = PBXResourcesBuildPhase;
			buildActionMask = 2147483647;
			files = (
			);
			runOnlyForDeploymentPostprocessing = 0;
		};
/* End PBXResourcesBuildPhase section */

/* Begin PBXSourcesBuildPhase section */
		E13284A41AEEE02E000E0366 /* Sources */ = {
			isa = PBXSourcesBuildPhase;
			buildActionMask = 2147483647;
			files = (
				E13284CE1AEEE5FE000E0366 /* MYOAViewController.swift in Sources */,
				E13284B01AEEE02E000E0366 /* ViewController.swift in Sources */,
				E13284AE1AEEE02E000E0366 /* AppDelegate.swift in Sources */,
			);
			runOnlyForDeploymentPostprocessing = 0;
		};
		E13284B91AEEE02E000E0366 /* Sources */ = {
			isa = PBXSourcesBuildPhase;
			buildActionMask = 2147483647;
			files = (
				E13284C41AEEE02E000E0366 /* MYOATests.swift in Sources */,
			);
			runOnlyForDeploymentPostprocessing = 0;
		};
/* End PBXSourcesBuildPhase section */

/* Begin PBXTargetDependency section */
		E13284BF1AEEE02E000E0366 /* PBXTargetDependency */ = {
			isa = PBXTargetDependency;
			target = E13284A71AEEE02E000E0366 /* MYOA */;
			targetProxy = E13284BE1AEEE02E000E0366 /* PBXContainerItemProxy */;
		};
/* End PBXTargetDependency section */

/* Begin PBXVariantGroup section */
		E13284B11AEEE02E000E0366 /* Main.storyboard */ = {
			isa = PBXVariantGroup;
			children = (
				E13284B21AEEE02E000E0366 /* Base */,
			);
			name = Main.storyboard;
			sourceTree = "<group>";
		};
		E13284B61AEEE02E000E0366 /* LaunchScreen.xib */ = {
			isa = PBXVariantGroup;
			children = (
				E13284B71AEEE02E000E0366 /* Base */,
			);
			name = LaunchScreen.xib;
			sourceTree = "<group>";
		};
/* End PBXVariantGroup section */

/* Begin XCBuildConfiguration section */
		E13284C51AEEE02E000E0366 /* Debug */ = {
			isa = XCBuildConfiguration;
			buildSettings = {
				ALWAYS_SEARCH_USER_PATHS = NO;
				CLANG_CXX_LANGUAGE_STANDARD = "gnu++0x";
				CLANG_CXX_LIBRARY = "libc++";
				CLANG_ENABLE_MODULES = YES;
				CLANG_ENABLE_OBJC_ARC = YES;
				CLANG_WARN_BOOL_CONVERSION = YES;
				CLANG_WARN_CONSTANT_CONVERSION = YES;
				CLANG_WARN_DIRECT_OBJC_ISA_USAGE = YES_ERROR;
				CLANG_WARN_EMPTY_BODY = YES;
				CLANG_WARN_ENUM_CONVERSION = YES;
				CLANG_WARN_INT_CONVERSION = YES;
				CLANG_WARN_OBJC_ROOT_CLASS = YES_ERROR;
				CLANG_WARN_UNREACHABLE_CODE = YES;
				CLANG_WARN__DUPLICATE_METHOD_MATCH = YES;
				"CODE_SIGN_IDENTITY[sdk=iphoneos*]" = "iPhone Developer";
				COPY_PHASE_STRIP = NO;
				DEBUG_INFORMATION_FORMAT = "dwarf-with-dsym";
				ENABLE_STRICT_OBJC_MSGSEND = YES;
				GCC_C_LANGUAGE_STANDARD = gnu99;
				GCC_DYNAMIC_NO_PIC = NO;
				GCC_NO_COMMON_BLOCKS = YES;
				GCC_OPTIMIZATION_LEVEL = 0;
				GCC_PREPROCESSOR_DEFINITIONS = (
					"DEBUG=1",
					"$(inherited)",
				);
				GCC_SYMBOLS_PRIVATE_EXTERN = NO;
				GCC_WARN_64_TO_32_BIT_CONVERSION = YES;
				GCC_WARN_ABOUT_RETURN_TYPE = YES_ERROR;
				GCC_WARN_UNDECLARED_SELECTOR = YES;
				GCC_WARN_UNINITIALIZED_AUTOS = YES_AGGRESSIVE;
				GCC_WARN_UNUSED_FUNCTION = YES;
				GCC_WARN_UNUSED_VARIABLE = YES;
				IPHONEOS_DEPLOYMENT_TARGET = 8.3;
				MTL_ENABLE_DEBUG_INFO = YES;
				ONLY_ACTIVE_ARCH = YES;
				SDKROOT = iphoneos;
				SWIFT_OPTIMIZATION_LEVEL = "-Onone";
			};
			name = Debug;
		};
		E13284C61AEEE02E000E0366 /* Release */ = {
			isa = XCBuildConfiguration;
			buildSettings = {
				ALWAYS_SEARCH_USER_PATHS = NO;
				CLANG_CXX_LANGUAGE_STANDARD = "gnu++0x";
				CLANG_CXX_LIBRARY = "libc++";
				CLANG_ENABLE_MODULES = YES;
				CLANG_ENABLE_OBJC_ARC = YES;
				CLANG_WARN_BOOL_CONVERSION = YES;
				CLANG_WARN_CONSTANT_CONVERSION = YES;
				CLANG_WARN_DIRECT_OBJC_ISA_USAGE = YES_ERROR;
				CLANG_WARN_EMPTY_BODY = YES;
				CLANG_WARN_ENUM_CONVERSION = YES;
				CLANG_WARN_INT_CONVERSION = YES;
				CLANG_WARN_OBJC_ROOT_CLASS = YES_ERROR;
				CLANG_WARN_UNREACHABLE_CODE = YES;
				CLANG_WARN__DUPLICATE_METHOD_MATCH = YES;
				"CODE_SIGN_IDENTITY[sdk=iphoneos*]" = "iPhone Developer";
				COPY_PHASE_STRIP = NO;
				DEBUG_INFORMATION_FORMAT = "dwarf-with-dsym";
				ENABLE_NS_ASSERTIONS = NO;
				ENABLE_STRICT_OBJC_MSGSEND = YES;
				GCC_C_LANGUAGE_STANDARD = gnu99;
				GCC_NO_COMMON_BLOCKS = YES;
				GCC_WARN_64_TO_32_BIT_CONVERSION = YES;
				GCC_WARN_ABOUT_RETURN_TYPE = YES_ERROR;
				GCC_WARN_UNDECLARED_SELECTOR = YES;
				GCC_WARN_UNINITIALIZED_AUTOS = YES_AGGRESSIVE;
				GCC_WARN_UNUSED_FUNCTION = YES;
				GCC_WARN_UNUSED_VARIABLE = YES;
				IPHONEOS_DEPLOYMENT_TARGET = 8.3;
				MTL_ENABLE_DEBUG_INFO = NO;
				SDKROOT = iphoneos;
				VALIDATE_PRODUCT = YES;
			};
			name = Release;
		};
		E13284C81AEEE02E000E0366 /* Debug */ = {
			isa = XCBuildConfiguration;
			buildSettings = {
				ASSETCATALOG_COMPILER_APPICON_NAME = AppIcon;
				INFOPLIST_FILE = MYOA/Info.plist;
				LD_RUNPATH_SEARCH_PATHS = "$(inherited) @executable_path/Frameworks";
				PRODUCT_NAME = "$(TARGET_NAME)";
			};
			name = Debug;
		};
		E13284C91AEEE02E000E0366 /* Release */ = {
			isa = XCBuildConfiguration;
			buildSettings = {
				ASSETCATALOG_COMPILER_APPICON_NAME = AppIcon;
				INFOPLIST_FILE = MYOA/Info.plist;
				LD_RUNPATH_SEARCH_PATHS = "$(inherited) @executable_path/Frameworks";
				PRODUCT_NAME = "$(TARGET_NAME)";
			};
			name = Release;
		};
		E13284CB1AEEE02E000E0366 /* Debug */ = {
			isa = XCBuildConfiguration;
			buildSettings = {
				BUNDLE_LOADER = "$(TEST_HOST)";
				FRAMEWORK_SEARCH_PATHS = (
					"$(SDKROOT)/Developer/Library/Frameworks",
					"$(inherited)",
				);
				GCC_PREPROCESSOR_DEFINITIONS = (
					"DEBUG=1",
					"$(inherited)",
				);
				INFOPLIST_FILE = MYOATests/Info.plist;
				LD_RUNPATH_SEARCH_PATHS = "$(inherited) @executable_path/Frameworks @loader_path/Frameworks";
				PRODUCT_NAME = "$(TARGET_NAME)";
				TEST_HOST = "$(BUILT_PRODUCTS_DIR)/MYOA.app/MYOA";
			};
			name = Debug;
		};
		E13284CC1AEEE02E000E0366 /* Release */ = {
			isa = XCBuildConfiguration;
			buildSettings = {
				BUNDLE_LOADER = "$(TEST_HOST)";
				FRAMEWORK_SEARCH_PATHS = (
					"$(SDKROOT)/Developer/Library/Frameworks",
					"$(inherited)",
				);
				INFOPLIST_FILE = MYOATests/Info.plist;
				LD_RUNPATH_SEARCH_PATHS = "$(inherited) @executable_path/Frameworks @loader_path/Frameworks";
				PRODUCT_NAME = "$(TARGET_NAME)";
				TEST_HOST = "$(BUILT_PRODUCTS_DIR)/MYOA.app/MYOA";
			};
			name = Release;
		};
/* End XCBuildConfiguration section */

/* Begin XCConfigurationList section */
		E13284A31AEEE02E000E0366 /* Build configuration list for PBXProject "MYOA" */ = {
			isa = XCConfigurationList;
			buildConfigurations = (
				E13284C51AEEE02E000E0366 /* Debug */,
				E13284C61AEEE02E000E0366 /* Release */,
			);
			defaultConfigurationIsVisible = 0;
			defaultConfigurationName = Release;
		};
		E13284C71AEEE02E000E0366 /* Build configuration list for PBXNativeTarget "MYOA" */ = {
			isa = XCConfigurationList;
			buildConfigurations = (
				E13284C81AEEE02E000E0366 /* Debug */,
				E13284C91AEEE02E000E0366 /* Release */,
			);
			defaultConfigurationIsVisible = 0;
		};
		E13284CA1AEEE02E000E0366 /* Build configuration list for PBXNativeTarget "MYOATests" */ = {
			isa = XCConfigurationList;
			buildConfigurations = (
				E13284CB1AEEE02E000E0366 /* Debug */,
				E13284CC1AEEE02E000E0366 /* Release */,
			);
			defaultConfigurationIsVisible = 0;
		};
/* End XCConfigurationList section */
	};
	rootObject = E13284A01AEEE02E000E0366 /* Project object */;
}
