// !$*UTF8*$!
{
	archiveVersion = 1;
	classes = {
	};
	objectVersion = 46;
	objects = {

/* Begin PBXBuildFile section */
		E13284E01AF0077D000E0366 /* AppDelegate.swift in Sources */ = {isa = PBXBuildFile; fileRef = E13284DF1AF0077D000E0366 /* AppDelegate.swift */; };
		E13284E21AF0077D000E0366 /* ViewController.swift in Sources */ = {isa = PBXBuildFile; fileRef = E13284E11AF0077D000E0366 /* ViewController.swift */; };
		E13284E51AF0077D000E0366 /* Main.storyboard in Resources */ = {isa = PBXBuildFile; fileRef = E13284E31AF0077D000E0366 /* Main.storyboard */; };
		E13284E71AF0077D000E0366 /* Images.xcassets in Resources */ = {isa = PBXBuildFile; fileRef = E13284E61AF0077D000E0366 /* Images.xcassets */; };
		E13284EA1AF0077D000E0366 /* LaunchScreen.xib in Resources */ = {isa = PBXBuildFile; fileRef = E13284E81AF0077D000E0366 /* LaunchScreen.xib */; };
		E13284F61AF0077D000E0366 /* ImagePickerTests.swift in Sources */ = {isa = PBXBuildFile; fileRef = E13284F51AF0077D000E0366 /* ImagePickerTests.swift */; };
/* End PBXBuildFile section */

/* Begin PBXContainerItemProxy section */
		E13284F01AF0077D000E0366 /* PBXContainerItemProxy */ = {
			isa = PBXContainerItemProxy;
			containerPortal = E13284D21AF0077D000E0366 /* Project object */;
			proxyType = 1;
			remoteGlobalIDString = E13284D91AF0077D000E0366;
			remoteInfo = ImagePicker;
		};
/* End PBXContainerItemProxy section */

/* Begin PBXFileReference section */
		E13284DA1AF0077D000E0366 /* ImagePicker.app */ = {isa = PBXFileReference; explicitFileType = wrapper.application; includeInIndex = 0; path = ImagePicker.app; sourceTree = BUILT_PRODUCTS_DIR; };
		E13284DE1AF0077D000E0366 /* Info.plist */ = {isa = PBXFileReference; lastKnownFileType = text.plist.xml; path = Info.plist; sourceTree = "<group>"; };
		E13284DF1AF0077D000E0366 /* AppDelegate.swift */ = {isa = PBXFileReference; lastKnownFileType = sourcecode.swift; path = AppDelegate.swift; sourceTree = "<group>"; };
		E13284E11AF0077D000E0366 /* ViewController.swift */ = {isa = PBXFileReference; lastKnownFileType = sourcecode.swift; path = ViewController.swift; sourceTree = "<group>"; };
		E13284E41AF0077D000E0366 /* Base */ = {isa = PBXFileReference; lastKnownFileType = file.storyboard; name = Base; path = Base.lproj/Main.storyboard; sourceTree = "<group>"; };
		E13284E61AF0077D000E0366 /* Images.xcassets */ = {isa = PBXFileReference; lastKnownFileType = folder.assetcatalog; path = Images.xcassets; sourceTree = "<group>"; };
		E13284E91AF0077D000E0366 /* Base */ = {isa = PBXFileReference; lastKnownFileType = file.xib; name = Base; path = Base.lproj/LaunchScreen.xib; sourceTree = "<group>"; };
		E13284EF1AF0077D000E0366 /* ImagePickerTests.xctest */ = {isa = PBXFileReference; explicitFileType = wrapper.cfbundle; includeInIndex = 0; path = ImagePickerTests.xctest; sourceTree = BUILT_PRODUCTS_DIR; };
		E13284F41AF0077D000E0366 /* Info.plist */ = {isa = PBXFileReference; lastKnownFileType = text.plist.xml; path = Info.plist; sourceTree = "<group>"; };
		E13284F51AF0077D000E0366 /* ImagePickerTests.swift */ = {isa = PBXFileReference; lastKnownFileType = sourcecode.swift; path = ImagePickerTests.swift; sourceTree = "<group>"; };
/* End PBXFileReference section */

/* Begin PBXFrameworksBuildPhase section */
		E13284D71AF0077D000E0366 /* Frameworks */ = {
			isa = PBXFrameworksBuildPhase;
			buildActionMask = 2147483647;
			files = (
			);
			runOnlyForDeploymentPostprocessing = 0;
		};
		E13284EC1AF0077D000E0366 /* Frameworks */ = {
			isa = PBXFrameworksBuildPhase;
			buildActionMask = 2147483647;
			files = (
			);
			runOnlyForDeploymentPostprocessing = 0;
		};
/* End PBXFrameworksBuildPhase section */

/* Begin PBXGroup section */
		E13284D11AF0077D000E0366 = {
			isa = PBXGroup;
			children = (
				E13284DC1AF0077D000E0366 /* ImagePicker */,
				E13284F21AF0077D000E0366 /* ImagePickerTests */,
				E13284DB1AF0077D000E0366 /* Products */,
			);
			sourceTree = "<group>";
		};
		E13284DB1AF0077D000E0366 /* Products */ = {
			isa = PBXGroup;
			children = (
				E13284DA1AF0077D000E0366 /* ImagePicker.app */,
				E13284EF1AF0077D000E0366 /* ImagePickerTests.xctest */,
			);
			name = Products;
			sourceTree = "<group>";
		};
		E13284DC1AF0077D000E0366 /* ImagePicker */ = {
			isa = PBXGroup;
			children = (
				E13284DF1AF0077D000E0366 /* AppDelegate.swift */,
				E13284E11AF0077D000E0366 /* ViewController.swift */,
				E13284E31AF0077D000E0366 /* Main.storyboard */,
				E13284E61AF0077D000E0366 /* Images.xcassets */,
				E13284E81AF0077D000E0366 /* LaunchScreen.xib */,
				E13284DD1AF0077D000E0366 /* Supporting Files */,
			);
			path = ImagePicker;
			sourceTree = "<group>";
		};
		E13284DD1AF0077D000E0366 /* Supporting Files */ = {
			isa = PBXGroup;
			children = (
				E13284DE1AF0077D000E0366 /* Info.plist */,
			);
			name = "Supporting Files";
			sourceTree = "<group>";
		};
		E13284F21AF0077D000E0366 /* ImagePickerTests */ = {
			isa = PBXGroup;
			children = (
				E13284F51AF0077D000E0366 /* ImagePickerTests.swift */,
				E13284F31AF0077D000E0366 /* Supporting Files */,
			);
			path = ImagePickerTests;
			sourceTree = "<group>";
		};
		E13284F31AF0077D000E0366 /* Supporting Files */ = {
			isa = PBXGroup;
			children = (
				E13284F41AF0077D000E0366 /* Info.plist */,
			);
			name = "Supporting Files";
			sourceTree = "<group>";
		};
/* End PBXGroup section */

/* Begin PBXNativeTarget section */
		E13284D91AF0077D000E0366 /* ImagePicker */ = {
			isa = PBXNativeTarget;
			buildConfigurationList = E13284F91AF0077D000E0366 /* Build configuration list for PBXNativeTarget "ImagePicker" */;
			buildPhases = (
				E13284D61AF0077D000E0366 /* Sources */,
				E13284D71AF0077D000E0366 /* Frameworks */,
				E13284D81AF0077D000E0366 /* Resources */,
			);
			buildRules = (
			);
			dependencies = (
			);
			name = ImagePicker;
			productName = ImagePicker;
			productReference = E13284DA1AF0077D000E0366 /* ImagePicker.app */;
			productType = "com.apple.product-type.application";
		};
		E13284EE1AF0077D000E0366 /* ImagePickerTests */ = {
			isa = PBXNativeTarget;
			buildConfigurationList = E13284FC1AF0077D000E0366 /* Build configuration list for PBXNativeTarget "ImagePickerTests" */;
			buildPhases = (
				E13284EB1AF0077D000E0366 /* Sources */,
				E13284EC1AF0077D000E0366 /* Frameworks */,
				E13284ED1AF0077D000E0366 /* Resources */,
			);
			buildRules = (
			);
			dependencies = (
				E13284F11AF0077D000E0366 /* PBXTargetDependency */,
			);
			name = ImagePickerTests;
			productName = ImagePickerTests;
			productReference = E13284EF1AF0077D000E0366 /* ImagePickerTests.xctest */;
			productType = "com.apple.product-type.bundle.unit-test";
		};
/* End PBXNativeTarget section */

/* Begin PBXProject section */
		E13284D21AF0077D000E0366 /* Project object */ = {
			isa = PBXProject;
			attributes = {
				LastUpgradeCheck = 0630;
				ORGANIZATIONNAME = "Umar Qattan";
				TargetAttributes = {
					E13284D91AF0077D000E0366 = {
						CreatedOnToolsVersion = 6.3.1;
					};
					E13284EE1AF0077D000E0366 = {
						CreatedOnToolsVersion = 6.3.1;
						TestTargetID = E13284D91AF0077D000E0366;
					};
				};
			};
			buildConfigurationList = E13284D51AF0077D000E0366 /* Build configuration list for PBXProject "ImagePicker" */;
			compatibilityVersion = "Xcode 3.2";
			developmentRegion = English;
			hasScannedForEncodings = 0;
			knownRegions = (
				en,
				Base,
			);
			mainGroup = E13284D11AF0077D000E0366;
			productRefGroup = E13284DB1AF0077D000E0366 /* Products */;
			projectDirPath = "";
			projectRoot = "";
			targets = (
				E13284D91AF0077D000E0366 /* ImagePicker */,
				E13284EE1AF0077D000E0366 /* ImagePickerTests */,
			);
		};
/* End PBXProject section */

/* Begin PBXResourcesBuildPhase section */
		E13284D81AF0077D000E0366 /* Resources */ = {
			isa = PBXResourcesBuildPhase;
			buildActionMask = 2147483647;
			files = (
				E13284E51AF0077D000E0366 /* Main.storyboard in Resources */,
				E13284EA1AF0077D000E0366 /* LaunchScreen.xib in Resources */,
				E13284E71AF0077D000E0366 /* Images.xcassets in Resources */,
			);
			runOnlyForDeploymentPostprocessing = 0;
		};
		E13284ED1AF0077D000E0366 /* Resources */ = {
			isa = PBXResourcesBuildPhase;
			buildActionMask = 2147483647;
			files = (
			);
			runOnlyForDeploymentPostprocessing = 0;
		};
/* End PBXResourcesBuildPhase section */

/* Begin PBXSourcesBuildPhase section */
		E13284D61AF0077D000E0366 /* Sources */ = {
			isa = PBXSourcesBuildPhase;
			buildActionMask = 2147483647;
			files = (
				E13284E21AF0077D000E0366 /* ViewController.swift in Sources */,
				E13284E01AF0077D000E0366 /* AppDelegate.swift in Sources */,
			);
			runOnlyForDeploymentPostprocessing = 0;
		};
		E13284EB1AF0077D000E0366 /* Sources */ = {
			isa = PBXSourcesBuildPhase;
			buildActionMask = 2147483647;
			files = (
				E13284F61AF0077D000E0366 /* ImagePickerTests.swift in Sources */,
			);
			runOnlyForDeploymentPostprocessing = 0;
		};
/* End PBXSourcesBuildPhase section */

/* Begin PBXTargetDependency section */
		E13284F11AF0077D000E0366 /* PBXTargetDependency */ = {
			isa = PBXTargetDependency;
			target = E13284D91AF0077D000E0366 /* ImagePicker */;
			targetProxy = E13284F01AF0077D000E0366 /* PBXContainerItemProxy */;
		};
/* End PBXTargetDependency section */

/* Begin PBXVariantGroup section */
		E13284E31AF0077D000E0366 /* Main.storyboard */ = {
			isa = PBXVariantGroup;
			children = (
				E13284E41AF0077D000E0366 /* Base */,
			);
			name = Main.storyboard;
			sourceTree = "<group>";
		};
		E13284E81AF0077D000E0366 /* LaunchScreen.xib */ = {
			isa = PBXVariantGroup;
			children = (
				E13284E91AF0077D000E0366 /* Base */,
			);
			name = LaunchScreen.xib;
			sourceTree = "<group>";
		};
/* End PBXVariantGroup section */

/* Begin XCBuildConfiguration section */
		E13284F71AF0077D000E0366 /* Debug */ = {
			isa = XCBuildConfiguration;
			buildSettings = {
				ALWAYS_SEARCH_USER_PATHS = NO;
				CLANG_CXX_LANGUAGE_STANDARD = "gnu++0x";
				CLANG_CXX_LIBRARY = "libc++";
				CLANG_ENABLE_MODULES = YES;
				CLANG_ENABLE_OBJC_ARC = YES;
				CLANG_WARN_BOOL_CONVERSION = YES;
				CLANG_WARN_CONSTANT_CONVERSION = YES;
				CLANG_WARN_DIRECT_OBJC_ISA_USAGE = YES_ERROR;
				CLANG_WARN_EMPTY_BODY = YES;
				CLANG_WARN_ENUM_CONVERSION = YES;
				CLANG_WARN_INT_CONVERSION = YES;
				CLANG_WARN_OBJC_ROOT_CLASS = YES_ERROR;
				CLANG_WARN_UNREACHABLE_CODE = YES;
				CLANG_WARN__DUPLICATE_METHOD_MATCH = YES;
				"CODE_SIGN_IDENTITY[sdk=iphoneos*]" = "iPhone Developer";
				COPY_PHASE_STRIP = NO;
				DEBUG_INFORMATION_FORMAT = "dwarf-with-dsym";
				ENABLE_STRICT_OBJC_MSGSEND = YES;
				GCC_C_LANGUAGE_STANDARD = gnu99;
				GCC_DYNAMIC_NO_PIC = NO;
				GCC_NO_COMMON_BLOCKS = YES;
				GCC_OPTIMIZATION_LEVEL = 0;
				GCC_PREPROCESSOR_DEFINITIONS = (
					"DEBUG=1",
					"$(inherited)",
				);
				GCC_SYMBOLS_PRIVATE_EXTERN = NO;
				GCC_WARN_64_TO_32_BIT_CONVERSION = YES;
				GCC_WARN_ABOUT_RETURN_TYPE = YES_ERROR;
				GCC_WARN_UNDECLARED_SELECTOR = YES;
				GCC_WARN_UNINITIALIZED_AUTOS = YES_AGGRESSIVE;
				GCC_WARN_UNUSED_FUNCTION = YES;
				GCC_WARN_UNUSED_VARIABLE = YES;
				IPHONEOS_DEPLOYMENT_TARGET = 8.3;
				MTL_ENABLE_DEBUG_INFO = YES;
				ONLY_ACTIVE_ARCH = YES;
				SDKROOT = iphoneos;
				SWIFT_OPTIMIZATION_LEVEL = "-Onone";
			};
			name = Debug;
		};
		E13284F81AF0077D000E0366 /* Release */ = {
			isa = XCBuildConfiguration;
			buildSettings = {
				ALWAYS_SEARCH_USER_PATHS = NO;
				CLANG_CXX_LANGUAGE_STANDARD = "gnu++0x";
				CLANG_CXX_LIBRARY = "libc++";
				CLANG_ENABLE_MODULES = YES;
				CLANG_ENABLE_OBJC_ARC = YES;
				CLANG_WARN_BOOL_CONVERSION = YES;
				CLANG_WARN_CONSTANT_CONVERSION = YES;
				CLANG_WARN_DIRECT_OBJC_ISA_USAGE = YES_ERROR;
				CLANG_WARN_EMPTY_BODY = YES;
				CLANG_WARN_ENUM_CONVERSION = YES;
				CLANG_WARN_INT_CONVERSION = YES;
				CLANG_WARN_OBJC_ROOT_CLASS = YES_ERROR;
				CLANG_WARN_UNREACHABLE_CODE = YES;
				CLANG_WARN__DUPLICATE_METHOD_MATCH = YES;
				"CODE_SIGN_IDENTITY[sdk=iphoneos*]" = "iPhone Developer";
				COPY_PHASE_STRIP = NO;
				DEBUG_INFORMATION_FORMAT = "dwarf-with-dsym";
				ENABLE_NS_ASSERTIONS = NO;
				ENABLE_STRICT_OBJC_MSGSEND = YES;
				GCC_C_LANGUAGE_STANDARD = gnu99;
				GCC_NO_COMMON_BLOCKS = YES;
				GCC_WARN_64_TO_32_BIT_CONVERSION = YES;
				GCC_WARN_ABOUT_RETURN_TYPE = YES_ERROR;
				GCC_WARN_UNDECLARED_SELECTOR = YES;
				GCC_WARN_UNINITIALIZED_AUTOS = YES_AGGRESSIVE;
				GCC_WARN_UNUSED_FUNCTION = YES;
				GCC_WARN_UNUSED_VARIABLE = YES;
				IPHONEOS_DEPLOYMENT_TARGET = 8.3;
				MTL_ENABLE_DEBUG_INFO = NO;
				SDKROOT = iphoneos;
				VALIDATE_PRODUCT = YES;
			};
			name = Release;
		};
		E13284FA1AF0077D000E0366 /* Debug */ = {
			isa = XCBuildConfiguration;
			buildSettings = {
				ASSETCATALOG_COMPILER_APPICON_NAME = AppIcon;
				INFOPLIST_FILE = ImagePicker/Info.plist;
				LD_RUNPATH_SEARCH_PATHS = "$(inherited) @executable_path/Frameworks";
				PRODUCT_NAME = "$(TARGET_NAME)";
			};
			name = Debug;
		};
		E13284FB1AF0077D000E0366 /* Release */ = {
			isa = XCBuildConfiguration;
			buildSettings = {
				ASSETCATALOG_COMPILER_APPICON_NAME = AppIcon;
				INFOPLIST_FILE = ImagePicker/Info.plist;
				LD_RUNPATH_SEARCH_PATHS = "$(inherited) @executable_path/Frameworks";
				PRODUCT_NAME = "$(TARGET_NAME)";
			};
			name = Release;
		};
		E13284FD1AF0077D000E0366 /* Debug */ = {
			isa = XCBuildConfiguration;
			buildSettings = {
				BUNDLE_LOADER = "$(TEST_HOST)";
				FRAMEWORK_SEARCH_PATHS = (
					"$(SDKROOT)/Developer/Library/Frameworks",
					"$(inherited)",
				);
				GCC_PREPROCESSOR_DEFINITIONS = (
					"DEBUG=1",
					"$(inherited)",
				);
				INFOPLIST_FILE = ImagePickerTests/Info.plist;
				LD_RUNPATH_SEARCH_PATHS = "$(inherited) @executable_path/Frameworks @loader_path/Frameworks";
				PRODUCT_NAME = "$(TARGET_NAME)";
				TEST_HOST = "$(BUILT_PRODUCTS_DIR)/ImagePicker.app/ImagePicker";
			};
			name = Debug;
		};
		E13284FE1AF0077D000E0366 /* Release */ = {
			isa = XCBuildConfiguration;
			buildSettings = {
				BUNDLE_LOADER = "$(TEST_HOST)";
				FRAMEWORK_SEARCH_PATHS = (
					"$(SDKROOT)/Developer/Library/Frameworks",
					"$(inherited)",
				);
				INFOPLIST_FILE = ImagePickerTests/Info.plist;
				LD_RUNPATH_SEARCH_PATHS = "$(inherited) @executable_path/Frameworks @loader_path/Frameworks";
				PRODUCT_NAME = "$(TARGET_NAME)";
				TEST_HOST = "$(BUILT_PRODUCTS_DIR)/ImagePicker.app/ImagePicker";
			};
			name = Release;
		};
/* End XCBuildConfiguration section */

/* Begin XCConfigurationList section */
		E13284D51AF0077D000E0366 /* Build configuration list for PBXProject "ImagePicker" */ = {
			isa = XCConfigurationList;
			buildConfigurations = (
				E13284F71AF0077D000E0366 /* Debug */,
				E13284F81AF0077D000E0366 /* Release */,
			);
			defaultConfigurationIsVisible = 0;
			defaultConfigurationName = Release;
		};
		E13284F91AF0077D000E0366 /* Build configuration list for PBXNativeTarget "ImagePicker" */ = {
			isa = XCConfigurationList;
			buildConfigurations = (
				E13284FA1AF0077D000E0366 /* Debug */,
				E13284FB1AF0077D000E0366 /* Release */,
			);
			defaultConfigurationIsVisible = 0;
		};
		E13284FC1AF0077D000E0366 /* Build configuration list for PBXNativeTarget "ImagePickerTests" */ = {
			isa = XCConfigurationList;
			buildConfigurations = (
				E13284FD1AF0077D000E0366 /* Debug */,
				E13284FE1AF0077D000E0366 /* Release */,
			);
			defaultConfigurationIsVisible = 0;
		};
/* End XCConfigurationList section */
	};
	rootObject = E13284D21AF0077D000E0366 /* Project object */;
}
